// !$*UTF8*$!
{
	archiveVersion = 1;
	classes = {
	};
	objectVersion = 77;
	objects = {

/* Begin PBXBuildFile section */
		110B90522CDEFB990048E6C9 /* SimpleKeychain in Frameworks */ = {isa = PBXBuildFile; productRef = 110B90512CDEFB990048E6C9 /* SimpleKeychain */; };
/* End PBXBuildFile section */

/* Begin PBXContainerItemProxy section */
		110B901C2CDEE0060048E6C9 /* PBXContainerItemProxy */ = {
			isa = PBXContainerItemProxy;
			containerPortal = 110B90022CDEE0050048E6C9 /* Project object */;
			proxyType = 1;
			remoteGlobalIDString = 110B90092CDEE0050048E6C9;
			remoteInfo = HomeAssistantToolbar;
		};
		110B90262CDEE0060048E6C9 /* PBXContainerItemProxy */ = {
			isa = PBXContainerItemProxy;
			containerPortal = 110B90022CDEE0050048E6C9 /* Project object */;
			proxyType = 1;
			remoteGlobalIDString = 110B90092CDEE0050048E6C9;
			remoteInfo = HomeAssistantToolbar;
		};
/* End PBXContainerItemProxy section */

/* Begin PBXFileReference section */
		110B900A2CDEE0050048E6C9 /* HomeAssistantToolbar.app */ = {isa = PBXFileReference; explicitFileType = wrapper.application; includeInIndex = 0; path = HomeAssistantToolbar.app; sourceTree = BUILT_PRODUCTS_DIR; };
		110B901B2CDEE0060048E6C9 /* HomeAssistantToolbarTests.xctest */ = {isa = PBXFileReference; explicitFileType = wrapper.cfbundle; includeInIndex = 0; path = HomeAssistantToolbarTests.xctest; sourceTree = BUILT_PRODUCTS_DIR; };
		110B90252CDEE0060048E6C9 /* HomeAssistantToolbarUITests.xctest */ = {isa = PBXFileReference; explicitFileType = wrapper.cfbundle; includeInIndex = 0; path = HomeAssistantToolbarUITests.xctest; sourceTree = BUILT_PRODUCTS_DIR; };
/* End PBXFileReference section */

/* Begin PBXFileSystemSynchronizedRootGroup section */
		110B900C2CDEE0050048E6C9 /* HomeAssistantToolbar */ = {
			isa = PBXFileSystemSynchronizedRootGroup;
			path = HomeAssistantToolbar;
			sourceTree = "<group>";
		};
		110B901E2CDEE0060048E6C9 /* HomeAssistantToolbarTests */ = {
			isa = PBXFileSystemSynchronizedRootGroup;
			path = HomeAssistantToolbarTests;
			sourceTree = "<group>";
		};
		110B90282CDEE0060048E6C9 /* HomeAssistantToolbarUITests */ = {
			isa = PBXFileSystemSynchronizedRootGroup;
			path = HomeAssistantToolbarUITests;
			sourceTree = "<group>";
		};
/* End PBXFileSystemSynchronizedRootGroup section */

/* Begin PBXFrameworksBuildPhase section */
		110B90072CDEE0050048E6C9 /* Frameworks */ = {
			isa = PBXFrameworksBuildPhase;
			buildActionMask = 2147483647;
			files = (
				110B90522CDEFB990048E6C9 /* SimpleKeychain in Frameworks */,
			);
			runOnlyForDeploymentPostprocessing = 0;
		};
		110B90182CDEE0060048E6C9 /* Frameworks */ = {
			isa = PBXFrameworksBuildPhase;
			buildActionMask = 2147483647;
			files = (
			);
			runOnlyForDeploymentPostprocessing = 0;
		};
		110B90222CDEE0060048E6C9 /* Frameworks */ = {
			isa = PBXFrameworksBuildPhase;
			buildActionMask = 2147483647;
			files = (
			);
			runOnlyForDeploymentPostprocessing = 0;
		};
/* End PBXFrameworksBuildPhase section */

/* Begin PBXGroup section */
		110B90012CDEE0050048E6C9 = {
			isa = PBXGroup;
			children = (
				110B900C2CDEE0050048E6C9 /* HomeAssistantToolbar */,
				110B901E2CDEE0060048E6C9 /* HomeAssistantToolbarTests */,
				110B90282CDEE0060048E6C9 /* HomeAssistantToolbarUITests */,
				110B900B2CDEE0050048E6C9 /* Products */,
			);
			sourceTree = "<group>";
		};
		110B900B2CDEE0050048E6C9 /* Products */ = {
			isa = PBXGroup;
			children = (
				110B900A2CDEE0050048E6C9 /* HomeAssistantToolbar.app */,
				110B901B2CDEE0060048E6C9 /* HomeAssistantToolbarTests.xctest */,
				110B90252CDEE0060048E6C9 /* HomeAssistantToolbarUITests.xctest */,
			);
			name = Products;
			sourceTree = "<group>";
		};
/* End PBXGroup section */

/* Begin PBXNativeTarget section */
		110B90092CDEE0050048E6C9 /* HomeAssistantToolbar */ = {
			isa = PBXNativeTarget;
			buildConfigurationList = 110B902F2CDEE0060048E6C9 /* Build configuration list for PBXNativeTarget "HomeAssistantToolbar" */;
			buildPhases = (
				110B90062CDEE0050048E6C9 /* Sources */,
				110B90072CDEE0050048E6C9 /* Frameworks */,
				110B90082CDEE0050048E6C9 /* Resources */,
			);
			buildRules = (
			);
			dependencies = (
			);
			fileSystemSynchronizedGroups = (
				110B900C2CDEE0050048E6C9 /* HomeAssistantToolbar */,
			);
			name = HomeAssistantToolbar;
			packageProductDependencies = (
				110B90512CDEFB990048E6C9 /* SimpleKeychain */,
			);
			productName = HomeAssistantToolbar;
			productReference = 110B900A2CDEE0050048E6C9 /* HomeAssistantToolbar.app */;
			productType = "com.apple.product-type.application";
		};
		110B901A2CDEE0060048E6C9 /* HomeAssistantToolbarTests */ = {
			isa = PBXNativeTarget;
			buildConfigurationList = 110B90322CDEE0060048E6C9 /* Build configuration list for PBXNativeTarget "HomeAssistantToolbarTests" */;
			buildPhases = (
				110B90172CDEE0060048E6C9 /* Sources */,
				110B90182CDEE0060048E6C9 /* Frameworks */,
				110B90192CDEE0060048E6C9 /* Resources */,
			);
			buildRules = (
			);
			dependencies = (
				110B901D2CDEE0060048E6C9 /* PBXTargetDependency */,
			);
			fileSystemSynchronizedGroups = (
				110B901E2CDEE0060048E6C9 /* HomeAssistantToolbarTests */,
			);
			name = HomeAssistantToolbarTests;
			packageProductDependencies = (
			);
			productName = HomeAssistantToolbarTests;
			productReference = 110B901B2CDEE0060048E6C9 /* HomeAssistantToolbarTests.xctest */;
			productType = "com.apple.product-type.bundle.unit-test";
		};
		110B90242CDEE0060048E6C9 /* HomeAssistantToolbarUITests */ = {
			isa = PBXNativeTarget;
			buildConfigurationList = 110B90352CDEE0060048E6C9 /* Build configuration list for PBXNativeTarget "HomeAssistantToolbarUITests" */;
			buildPhases = (
				110B90212CDEE0060048E6C9 /* Sources */,
				110B90222CDEE0060048E6C9 /* Frameworks */,
				110B90232CDEE0060048E6C9 /* Resources */,
			);
			buildRules = (
			);
			dependencies = (
				110B90272CDEE0060048E6C9 /* PBXTargetDependency */,
			);
			fileSystemSynchronizedGroups = (
				110B90282CDEE0060048E6C9 /* HomeAssistantToolbarUITests */,
			);
			name = HomeAssistantToolbarUITests;
			packageProductDependencies = (
			);
			productName = HomeAssistantToolbarUITests;
			productReference = 110B90252CDEE0060048E6C9 /* HomeAssistantToolbarUITests.xctest */;
			productType = "com.apple.product-type.bundle.ui-testing";
		};
/* End PBXNativeTarget section */

/* Begin PBXProject section */
		110B90022CDEE0050048E6C9 /* Project object */ = {
			isa = PBXProject;
			attributes = {
				BuildIndependentTargetsInParallel = 1;
				LastSwiftUpdateCheck = 1610;
				LastUpgradeCheck = 1610;
				TargetAttributes = {
					110B90092CDEE0050048E6C9 = {
						CreatedOnToolsVersion = 16.1;
					};
					110B901A2CDEE0060048E6C9 = {
						CreatedOnToolsVersion = 16.1;
						TestTargetID = 110B90092CDEE0050048E6C9;
					};
					110B90242CDEE0060048E6C9 = {
						CreatedOnToolsVersion = 16.1;
						TestTargetID = 110B90092CDEE0050048E6C9;
					};
				};
			};
			buildConfigurationList = 110B90052CDEE0050048E6C9 /* Build configuration list for PBXProject "HomeAssistantToolbar" */;
			developmentRegion = en;
			hasScannedForEncodings = 0;
			knownRegions = (
				en,
				Base,
			);
			mainGroup = 110B90012CDEE0050048E6C9;
			minimizedProjectReferenceProxies = 1;
			packageReferences = (
				110B90502CDEFB990048E6C9 /* XCRemoteSwiftPackageReference "SimpleKeychain" */,
			);
			preferredProjectObjectVersion = 77;
			productRefGroup = 110B900B2CDEE0050048E6C9 /* Products */;
			projectDirPath = "";
			projectRoot = "";
			targets = (
				110B90092CDEE0050048E6C9 /* HomeAssistantToolbar */,
				110B901A2CDEE0060048E6C9 /* HomeAssistantToolbarTests */,
				110B90242CDEE0060048E6C9 /* HomeAssistantToolbarUITests */,
			);
		};
/* End PBXProject section */

/* Begin PBXResourcesBuildPhase section */
		110B90082CDEE0050048E6C9 /* Resources */ = {
			isa = PBXResourcesBuildPhase;
			buildActionMask = 2147483647;
			files = (
			);
			runOnlyForDeploymentPostprocessing = 0;
		};
		110B90192CDEE0060048E6C9 /* Resources */ = {
			isa = PBXResourcesBuildPhase;
			buildActionMask = 2147483647;
			files = (
			);
			runOnlyForDeploymentPostprocessing = 0;
		};
		110B90232CDEE0060048E6C9 /* Resources */ = {
			isa = PBXResourcesBuildPhase;
			buildActionMask = 2147483647;
			files = (
			);
			runOnlyForDeploymentPostprocessing = 0;
		};
/* End PBXResourcesBuildPhase section */

/* Begin PBXSourcesBuildPhase section */
		110B90062CDEE0050048E6C9 /* Sources */ = {
			isa = PBXSourcesBuildPhase;
			buildActionMask = 2147483647;
			files = (
			);
			runOnlyForDeploymentPostprocessing = 0;
		};
		110B90172CDEE0060048E6C9 /* Sources */ = {
			isa = PBXSourcesBuildPhase;
			buildActionMask = 2147483647;
			files = (
			);
			runOnlyForDeploymentPostprocessing = 0;
		};
		110B90212CDEE0060048E6C9 /* Sources */ = {
			isa = PBXSourcesBuildPhase;
			buildActionMask = 2147483647;
			files = (
			);
			runOnlyForDeploymentPostprocessing = 0;
		};
/* End PBXSourcesBuildPhase section */

/* Begin PBXTargetDependency section */
		110B901D2CDEE0060048E6C9 /* PBXTargetDependency */ = {
			isa = PBXTargetDependency;
			target = 110B90092CDEE0050048E6C9 /* HomeAssistantToolbar */;
			targetProxy = 110B901C2CDEE0060048E6C9 /* PBXContainerItemProxy */;
		};
		110B90272CDEE0060048E6C9 /* PBXTargetDependency */ = {
			isa = PBXTargetDependency;
			target = 110B90092CDEE0050048E6C9 /* HomeAssistantToolbar */;
			targetProxy = 110B90262CDEE0060048E6C9 /* PBXContainerItemProxy */;
		};
/* End PBXTargetDependency section */

/* Begin XCBuildConfiguration section */
		110B902D2CDEE0060048E6C9 /* Debug */ = {
			isa = XCBuildConfiguration;
			buildSettings = {
				ALWAYS_SEARCH_USER_PATHS = NO;
				ASSETCATALOG_COMPILER_GENERATE_SWIFT_ASSET_SYMBOL_EXTENSIONS = YES;
				CLANG_ANALYZER_NONNULL = YES;
				CLANG_ANALYZER_NUMBER_OBJECT_CONVERSION = YES_AGGRESSIVE;
				CLANG_CXX_LANGUAGE_STANDARD = "gnu++20";
				CLANG_ENABLE_MODULES = YES;
				CLANG_ENABLE_OBJC_ARC = YES;
				CLANG_ENABLE_OBJC_WEAK = YES;
				CLANG_WARN_BLOCK_CAPTURE_AUTORELEASING = YES;
				CLANG_WARN_BOOL_CONVERSION = YES;
				CLANG_WARN_COMMA = YES;
				CLANG_WARN_CONSTANT_CONVERSION = YES;
				CLANG_WARN_DEPRECATED_OBJC_IMPLEMENTATIONS = YES;
				CLANG_WARN_DIRECT_OBJC_ISA_USAGE = YES_ERROR;
				CLANG_WARN_DOCUMENTATION_COMMENTS = YES;
				CLANG_WARN_EMPTY_BODY = YES;
				CLANG_WARN_ENUM_CONVERSION = YES;
				CLANG_WARN_INFINITE_RECURSION = YES;
				CLANG_WARN_INT_CONVERSION = YES;
				CLANG_WARN_NON_LITERAL_NULL_CONVERSION = YES;
				CLANG_WARN_OBJC_IMPLICIT_RETAIN_SELF = YES;
				CLANG_WARN_OBJC_LITERAL_CONVERSION = YES;
				CLANG_WARN_OBJC_ROOT_CLASS = YES_ERROR;
				CLANG_WARN_QUOTED_INCLUDE_IN_FRAMEWORK_HEADER = YES;
				CLANG_WARN_RANGE_LOOP_ANALYSIS = YES;
				CLANG_WARN_STRICT_PROTOTYPES = YES;
				CLANG_WARN_SUSPICIOUS_MOVE = YES;
				CLANG_WARN_UNGUARDED_AVAILABILITY = YES_AGGRESSIVE;
				CLANG_WARN_UNREACHABLE_CODE = YES;
				CLANG_WARN__DUPLICATE_METHOD_MATCH = YES;
				COPY_PHASE_STRIP = NO;
				DEBUG_INFORMATION_FORMAT = dwarf;
				ENABLE_STRICT_OBJC_MSGSEND = YES;
				ENABLE_TESTABILITY = YES;
				ENABLE_USER_SCRIPT_SANDBOXING = YES;
				GCC_C_LANGUAGE_STANDARD = gnu17;
				GCC_DYNAMIC_NO_PIC = NO;
				GCC_NO_COMMON_BLOCKS = YES;
				GCC_OPTIMIZATION_LEVEL = 0;
				GCC_PREPROCESSOR_DEFINITIONS = (
					"DEBUG=1",
					"$(inherited)",
				);
				GCC_WARN_64_TO_32_BIT_CONVERSION = YES;
				GCC_WARN_ABOUT_RETURN_TYPE = YES_ERROR;
				GCC_WARN_UNDECLARED_SELECTOR = YES;
				GCC_WARN_UNINITIALIZED_AUTOS = YES_AGGRESSIVE;
				GCC_WARN_UNUSED_FUNCTION = YES;
				GCC_WARN_UNUSED_VARIABLE = YES;
				LOCALIZATION_PREFERS_STRING_CATALOGS = YES;
				MTL_ENABLE_DEBUG_INFO = INCLUDE_SOURCE;
				MTL_FAST_MATH = YES;
				ONLY_ACTIVE_ARCH = YES;
				SWIFT_ACTIVE_COMPILATION_CONDITIONS = "DEBUG $(inherited)";
				SWIFT_OPTIMIZATION_LEVEL = "-Onone";
			};
			name = Debug;
		};
		110B902E2CDEE0060048E6C9 /* Release */ = {
			isa = XCBuildConfiguration;
			buildSettings = {
				ALWAYS_SEARCH_USER_PATHS = NO;
				ASSETCATALOG_COMPILER_GENERATE_SWIFT_ASSET_SYMBOL_EXTENSIONS = YES;
				CLANG_ANALYZER_NONNULL = YES;
				CLANG_ANALYZER_NUMBER_OBJECT_CONVERSION = YES_AGGRESSIVE;
				CLANG_CXX_LANGUAGE_STANDARD = "gnu++20";
				CLANG_ENABLE_MODULES = YES;
				CLANG_ENABLE_OBJC_ARC = YES;
				CLANG_ENABLE_OBJC_WEAK = YES;
				CLANG_WARN_BLOCK_CAPTURE_AUTORELEASING = YES;
				CLANG_WARN_BOOL_CONVERSION = YES;
				CLANG_WARN_COMMA = YES;
				CLANG_WARN_CONSTANT_CONVERSION = YES;
				CLANG_WARN_DEPRECATED_OBJC_IMPLEMENTATIONS = YES;
				CLANG_WARN_DIRECT_OBJC_ISA_USAGE = YES_ERROR;
				CLANG_WARN_DOCUMENTATION_COMMENTS = YES;
				CLANG_WARN_EMPTY_BODY = YES;
				CLANG_WARN_ENUM_CONVERSION = YES;
				CLANG_WARN_INFINITE_RECURSION = YES;
				CLANG_WARN_INT_CONVERSION = YES;
				CLANG_WARN_NON_LITERAL_NULL_CONVERSION = YES;
				CLANG_WARN_OBJC_IMPLICIT_RETAIN_SELF = YES;
				CLANG_WARN_OBJC_LITERAL_CONVERSION = YES;
				CLANG_WARN_OBJC_ROOT_CLASS = YES_ERROR;
				CLANG_WARN_QUOTED_INCLUDE_IN_FRAMEWORK_HEADER = YES;
				CLANG_WARN_RANGE_LOOP_ANALYSIS = YES;
				CLANG_WARN_STRICT_PROTOTYPES = YES;
				CLANG_WARN_SUSPICIOUS_MOVE = YES;
				CLANG_WARN_UNGUARDED_AVAILABILITY = YES_AGGRESSIVE;
				CLANG_WARN_UNREACHABLE_CODE = YES;
				CLANG_WARN__DUPLICATE_METHOD_MATCH = YES;
				COPY_PHASE_STRIP = NO;
				DEBUG_INFORMATION_FORMAT = "dwarf-with-dsym";
				ENABLE_NS_ASSERTIONS = NO;
				ENABLE_STRICT_OBJC_MSGSEND = YES;
				ENABLE_USER_SCRIPT_SANDBOXING = YES;
				GCC_C_LANGUAGE_STANDARD = gnu17;
				GCC_NO_COMMON_BLOCKS = YES;
				GCC_WARN_64_TO_32_BIT_CONVERSION = YES;
				GCC_WARN_ABOUT_RETURN_TYPE = YES_ERROR;
				GCC_WARN_UNDECLARED_SELECTOR = YES;
				GCC_WARN_UNINITIALIZED_AUTOS = YES_AGGRESSIVE;
				GCC_WARN_UNUSED_FUNCTION = YES;
				GCC_WARN_UNUSED_VARIABLE = YES;
				LOCALIZATION_PREFERS_STRING_CATALOGS = YES;
				MTL_ENABLE_DEBUG_INFO = NO;
				MTL_FAST_MATH = YES;
				SWIFT_COMPILATION_MODE = wholemodule;
			};
			name = Release;
		};
		110B90302CDEE0060048E6C9 /* Debug */ = {
			isa = XCBuildConfiguration;
			buildSettings = {
				ASSETCATALOG_COMPILER_APPICON_NAME = AppIcon;
				ASSETCATALOG_COMPILER_GLOBAL_ACCENT_COLOR_NAME = AccentColor;
				CODE_SIGN_ENTITLEMENTS = HomeAssistantToolbar/HomeAssistantToolbarDebug.entitlements;
				"CODE_SIGN_IDENTITY[sdk=macosx*]" = "Apple Development";
				CODE_SIGN_STYLE = Automatic;
				CURRENT_PROJECT_VERSION = 6;
				DEVELOPMENT_ASSET_PATHS = "\"HomeAssistantToolbar/Preview Content\"";
				DEVELOPMENT_TEAM = YQ8A74NDMJ;
				ENABLE_HARDENED_RUNTIME = YES;
				ENABLE_PREVIEWS = YES;
				GENERATE_INFOPLIST_FILE = YES;
				INFOPLIST_KEY_CFBundleDisplayName = "HA Toolbar";
				"INFOPLIST_KEY_UIApplicationSceneManifest_Generation[sdk=iphoneos*]" = YES;
				"INFOPLIST_KEY_UIApplicationSceneManifest_Generation[sdk=iphonesimulator*]" = YES;
				"INFOPLIST_KEY_UIApplicationSupportsIndirectInputEvents[sdk=iphoneos*]" = YES;
				"INFOPLIST_KEY_UIApplicationSupportsIndirectInputEvents[sdk=iphonesimulator*]" = YES;
				"INFOPLIST_KEY_UILaunchScreen_Generation[sdk=iphoneos*]" = YES;
				"INFOPLIST_KEY_UILaunchScreen_Generation[sdk=iphonesimulator*]" = YES;
				INFOPLIST_KEY_UIStatusBarStyle = "";
				"INFOPLIST_KEY_UIStatusBarStyle[sdk=iphoneos*]" = UIStatusBarStyleDefault;
				"INFOPLIST_KEY_UIStatusBarStyle[sdk=iphonesimulator*]" = UIStatusBarStyleDefault;
				INFOPLIST_KEY_UISupportedInterfaceOrientations_iPad = "UIInterfaceOrientationPortrait UIInterfaceOrientationPortraitUpsideDown UIInterfaceOrientationLandscapeLeft UIInterfaceOrientationLandscapeRight";
				INFOPLIST_KEY_UISupportedInterfaceOrientations_iPhone = "UIInterfaceOrientationPortrait UIInterfaceOrientationLandscapeLeft UIInterfaceOrientationLandscapeRight";
				IPHONEOS_DEPLOYMENT_TARGET = 18.0;
				LD_RUNPATH_SEARCH_PATHS = "@executable_path/Frameworks";
				"LD_RUNPATH_SEARCH_PATHS[sdk=macosx*]" = "@executable_path/../Frameworks";
				MACOSX_DEPLOYMENT_TARGET = 14.0;
				MARKETING_VERSION = 0.6;
				PRODUCT_BUNDLE_IDENTIFIER = io.opsnlops.HomeAssistantToolbar;
				PRODUCT_NAME = "$(TARGET_NAME)";
				SDKROOT = auto;
				SUPPORTED_PLATFORMS = "appletvos appletvsimulator iphoneos iphonesimulator macosx";
				SUPPORTS_MACCATALYST = NO;
				SWIFT_EMIT_LOC_STRINGS = YES;
				SWIFT_VERSION = 5.0;
				TARGETED_DEVICE_FAMILY = "1,2,3";
				TVOS_DEPLOYMENT_TARGET = 18.0;
				XROS_DEPLOYMENT_TARGET = 2.1;
			};
			name = Debug;
		};
		110B90312CDEE0060048E6C9 /* Release */ = {
			isa = XCBuildConfiguration;
			buildSettings = {
				ASSETCATALOG_COMPILER_APPICON_NAME = AppIcon;
				ASSETCATALOG_COMPILER_GLOBAL_ACCENT_COLOR_NAME = AccentColor;
				CODE_SIGN_ENTITLEMENTS = HomeAssistantToolbar/HomeAssistantToolbar.entitlements;
				"CODE_SIGN_IDENTITY[sdk=macosx*]" = "Apple Development";
				CODE_SIGN_STYLE = Automatic;
				CURRENT_PROJECT_VERSION = 6;
				DEVELOPMENT_ASSET_PATHS = "\"HomeAssistantToolbar/Preview Content\"";
				DEVELOPMENT_TEAM = YQ8A74NDMJ;
				ENABLE_HARDENED_RUNTIME = YES;
				ENABLE_PREVIEWS = YES;
				GENERATE_INFOPLIST_FILE = YES;
				INFOPLIST_KEY_CFBundleDisplayName = "HA Toolbar";
				"INFOPLIST_KEY_UIApplicationSceneManifest_Generation[sdk=iphoneos*]" = YES;
				"INFOPLIST_KEY_UIApplicationSceneManifest_Generation[sdk=iphonesimulator*]" = YES;
				"INFOPLIST_KEY_UIApplicationSupportsIndirectInputEvents[sdk=iphoneos*]" = YES;
				"INFOPLIST_KEY_UIApplicationSupportsIndirectInputEvents[sdk=iphonesimulator*]" = YES;
				"INFOPLIST_KEY_UILaunchScreen_Generation[sdk=iphoneos*]" = YES;
				"INFOPLIST_KEY_UILaunchScreen_Generation[sdk=iphonesimulator*]" = YES;
				INFOPLIST_KEY_UIStatusBarStyle = "";
				"INFOPLIST_KEY_UIStatusBarStyle[sdk=iphoneos*]" = UIStatusBarStyleDefault;
				"INFOPLIST_KEY_UIStatusBarStyle[sdk=iphonesimulator*]" = UIStatusBarStyleDefault;
				INFOPLIST_KEY_UISupportedInterfaceOrientations_iPad = "UIInterfaceOrientationPortrait UIInterfaceOrientationPortraitUpsideDown UIInterfaceOrientationLandscapeLeft UIInterfaceOrientationLandscapeRight";
				INFOPLIST_KEY_UISupportedInterfaceOrientations_iPhone = "UIInterfaceOrientationPortrait UIInterfaceOrientationLandscapeLeft UIInterfaceOrientationLandscapeRight";
				IPHONEOS_DEPLOYMENT_TARGET = 18.0;
				LD_RUNPATH_SEARCH_PATHS = "@executable_path/Frameworks";
				"LD_RUNPATH_SEARCH_PATHS[sdk=macosx*]" = "@executable_path/../Frameworks";
				MACOSX_DEPLOYMENT_TARGET = 14.0;
				MARKETING_VERSION = 0.6;
				PRODUCT_BUNDLE_IDENTIFIER = io.opsnlops.HomeAssistantToolbar;
				PRODUCT_NAME = "$(TARGET_NAME)";
				SDKROOT = auto;
				SUPPORTED_PLATFORMS = "appletvos appletvsimulator iphoneos iphonesimulator macosx";
				SUPPORTS_MACCATALYST = NO;
				SWIFT_EMIT_LOC_STRINGS = YES;
				SWIFT_VERSION = 5.0;
				TARGETED_DEVICE_FAMILY = "1,2,3";
				TVOS_DEPLOYMENT_TARGET = 18.0;
				XROS_DEPLOYMENT_TARGET = 2.1;
			};
			name = Release;
		};
		110B90332CDEE0060048E6C9 /* Debug */ = {
			isa = XCBuildConfiguration;
			buildSettings = {
				BUNDLE_LOADER = "$(TEST_HOST)";
				CODE_SIGN_STYLE = Automatic;
				CURRENT_PROJECT_VERSION = 1;
				DEVELOPMENT_TEAM = YQ8A74NDMJ;
				GENERATE_INFOPLIST_FILE = YES;
				IPHONEOS_DEPLOYMENT_TARGET = 18.1;
				MACOSX_DEPLOYMENT_TARGET = 15.1;
				MARKETING_VERSION = 1.0;
				PRODUCT_BUNDLE_IDENTIFIER = io.opsnlops.HomeAssistantToolbarTests;
				PRODUCT_NAME = "$(TARGET_NAME)";
				SDKROOT = auto;
				SUPPORTED_PLATFORMS = "iphoneos iphonesimulator macosx xros xrsimulator";
				SWIFT_EMIT_LOC_STRINGS = NO;
				SWIFT_VERSION = 5.0;
				TARGETED_DEVICE_FAMILY = "1,2,7";
				TEST_HOST = "$(BUILT_PRODUCTS_DIR)/HomeAssistantToolbar.app/$(BUNDLE_EXECUTABLE_FOLDER_PATH)/HomeAssistantToolbar";
				XROS_DEPLOYMENT_TARGET = 2.1;
			};
			name = Debug;
		};
		110B90342CDEE0060048E6C9 /* Release */ = {
			isa = XCBuildConfiguration;
			buildSettings = {
				BUNDLE_LOADER = "$(TEST_HOST)";
				CODE_SIGN_STYLE = Automatic;
				CURRENT_PROJECT_VERSION = 1;
				DEVELOPMENT_TEAM = YQ8A74NDMJ;
				GENERATE_INFOPLIST_FILE = YES;
				IPHONEOS_DEPLOYMENT_TARGET = 18.1;
				MACOSX_DEPLOYMENT_TARGET = 15.1;
				MARKETING_VERSION = 1.0;
				PRODUCT_BUNDLE_IDENTIFIER = io.opsnlops.HomeAssistantToolbarTests;
				PRODUCT_NAME = "$(TARGET_NAME)";
				SDKROOT = auto;
				SUPPORTED_PLATFORMS = "iphoneos iphonesimulator macosx xros xrsimulator";
				SWIFT_EMIT_LOC_STRINGS = NO;
				SWIFT_VERSION = 5.0;
				TARGETED_DEVICE_FAMILY = "1,2,7";
				TEST_HOST = "$(BUILT_PRODUCTS_DIR)/HomeAssistantToolbar.app/$(BUNDLE_EXECUTABLE_FOLDER_PATH)/HomeAssistantToolbar";
				XROS_DEPLOYMENT_TARGET = 2.1;
			};
			name = Release;
		};
		110B90362CDEE0060048E6C9 /* Debug */ = {
			isa = XCBuildConfiguration;
			buildSettings = {
				CODE_SIGN_STYLE = Automatic;
				CURRENT_PROJECT_VERSION = 1;
				DEVELOPMENT_TEAM = YQ8A74NDMJ;
				GENERATE_INFOPLIST_FILE = YES;
				IPHONEOS_DEPLOYMENT_TARGET = 18.1;
				MACOSX_DEPLOYMENT_TARGET = 15.1;
				MARKETING_VERSION = 1.0;
				PRODUCT_BUNDLE_IDENTIFIER = io.opsnlops.HomeAssistantToolbarUITests;
				PRODUCT_NAME = "$(TARGET_NAME)";
				SDKROOT = auto;
				SUPPORTED_PLATFORMS = "iphoneos iphonesimulator macosx xros xrsimulator";
				SWIFT_EMIT_LOC_STRINGS = NO;
				SWIFT_VERSION = 5.0;
				TARGETED_DEVICE_FAMILY = "1,2,7";
				TEST_TARGET_NAME = HomeAssistantToolbar;
				XROS_DEPLOYMENT_TARGET = 2.1;
			};
			name = Debug;
		};
		110B90372CDEE0060048E6C9 /* Release */ = {
			isa = XCBuildConfiguration;
			buildSettings = {
				CODE_SIGN_STYLE = Automatic;
				CURRENT_PROJECT_VERSION = 1;
				DEVELOPMENT_TEAM = YQ8A74NDMJ;
				GENERATE_INFOPLIST_FILE = YES;
				IPHONEOS_DEPLOYMENT_TARGET = 18.1;
				MACOSX_DEPLOYMENT_TARGET = 15.1;
				MARKETING_VERSION = 1.0;
				PRODUCT_BUNDLE_IDENTIFIER = io.opsnlops.HomeAssistantToolbarUITests;
				PRODUCT_NAME = "$(TARGET_NAME)";
				SDKROOT = auto;
				SUPPORTED_PLATFORMS = "iphoneos iphonesimulator macosx xros xrsimulator";
				SWIFT_EMIT_LOC_STRINGS = NO;
				SWIFT_VERSION = 5.0;
				TARGETED_DEVICE_FAMILY = "1,2,7";
				TEST_TARGET_NAME = HomeAssistantToolbar;
				XROS_DEPLOYMENT_TARGET = 2.1;
			};
			name = Release;
		};
/* End XCBuildConfiguration section */

/* Begin XCConfigurationList section */
		110B90052CDEE0050048E6C9 /* Build configuration list for PBXProject "HomeAssistantToolbar" */ = {
			isa = XCConfigurationList;
			buildConfigurations = (
				110B902D2CDEE0060048E6C9 /* Debug */,
				110B902E2CDEE0060048E6C9 /* Release */,
			);
			defaultConfigurationIsVisible = 0;
			defaultConfigurationName = Release;
		};
		110B902F2CDEE0060048E6C9 /* Build configuration list for PBXNativeTarget "HomeAssistantToolbar" */ = {
			isa = XCConfigurationList;
			buildConfigurations = (
				110B90302CDEE0060048E6C9 /* Debug */,
				110B90312CDEE0060048E6C9 /* Release */,
			);
			defaultConfigurationIsVisible = 0;
			defaultConfigurationName = Release;
		};
		110B90322CDEE0060048E6C9 /* Build configuration list for PBXNativeTarget "HomeAssistantToolbarTests" */ = {
			isa = XCConfigurationList;
			buildConfigurations = (
				110B90332CDEE0060048E6C9 /* Debug */,
				110B90342CDEE0060048E6C9 /* Release */,
			);
			defaultConfigurationIsVisible = 0;
			defaultConfigurationName = Release;
		};
		110B90352CDEE0060048E6C9 /* Build configuration list for PBXNativeTarget "HomeAssistantToolbarUITests" */ = {
			isa = XCConfigurationList;
			buildConfigurations = (
				110B90362CDEE0060048E6C9 /* Debug */,
				110B90372CDEE0060048E6C9 /* Release */,
			);
			defaultConfigurationIsVisible = 0;
			defaultConfigurationName = Release;
		};
/* End XCConfigurationList section */

/* Begin XCRemoteSwiftPackageReference section */
		110B90502CDEFB990048E6C9 /* XCRemoteSwiftPackageReference "SimpleKeychain" */ = {
			isa = XCRemoteSwiftPackageReference;
			repositoryURL = "https://github.com/auth0/SimpleKeychain";
			requirement = {
				kind = upToNextMajorVersion;
				minimumVersion = 1.2.0;
			};
		};
/* End XCRemoteSwiftPackageReference section */

/* Begin XCSwiftPackageProductDependency section */
		110B90512CDEFB990048E6C9 /* SimpleKeychain */ = {
			isa = XCSwiftPackageProductDependency;
			package = 110B90502CDEFB990048E6C9 /* XCRemoteSwiftPackageReference "SimpleKeychain" */;
			productName = SimpleKeychain;
		};
/* End XCSwiftPackageProductDependency section */
	};
	rootObject = 110B90022CDEE0050048E6C9 /* Project object */;
}
